version: 2.0
shards:
  crest:
    git: https://github.com/mamantoha/crest.git
    version: 1.3.6

  db:
    git: https://github.com/crystal-lang/crystal-db.git
    version: 0.11.0

  dotenv:
    git: https://github.com/drum445/dotenv.git
    version: 0.4.0

  fnv:
    git: https://github.com/naqvis/crystal-fnv.git
    version: 0.1.3

  html5:
    git: https://github.com/naqvis/crystal-html5.git
    version: 0.4.0+git.commit.990093eca8d3b2fd394a6712ee64e42888668448

  http-client-digest_auth:
    git: https://github.com/mamantoha/http-client-digest_auth.git
    version: 0.6.0

  http_proxy:
    git: https://github.com/mamantoha/http_proxy.git
    version: 0.9.0+git.commit.691705ba3dbb1b59192b31ac2374770bfe6d7fb2

  tourmaline:
    git: https://github.com/nilsding/tourmaline.git
    version: 0.27.0+git.commit.5a97c092b0253e87f77fbb6cac77ac827a3f9ccc

  webmock:
    git: https://github.com/manastech/webmock.cr.git
    version: 0.14.0+git.commit.42b347cdd64e13193e46167a03593944ae2b3d20

  xpath2:
    git: https://github.com/naqvis/crystal-xpath2.git
    version: 0.1.3

